// !$*UTF8*$!
{
	archiveVersion = 1;
	classes = {
	};
	objectVersion = 46;
	objects = {

/* Begin PBXBuildFile section */
		AA9FD8CF1E8BE269009695B1 /* AppDelegate.swift in Sources */ = {isa = PBXBuildFile; fileRef = AA9FD8CE1E8BE269009695B1 /* AppDelegate.swift */; };
		AA9FD8D11E8BE269009695B1 /* ViewController.swift in Sources */ = {isa = PBXBuildFile; fileRef = AA9FD8D01E8BE269009695B1 /* ViewController.swift */; };
		AA9FD8D41E8BE269009695B1 /* Main.storyboard in Resources */ = {isa = PBXBuildFile; fileRef = AA9FD8D21E8BE269009695B1 /* Main.storyboard */; };
		AA9FD8D61E8BE269009695B1 /* Assets.xcassets in Resources */ = {isa = PBXBuildFile; fileRef = AA9FD8D51E8BE269009695B1 /* Assets.xcassets */; };
		AA9FD8D91E8BE26A009695B1 /* LaunchScreen.storyboard in Resources */ = {isa = PBXBuildFile; fileRef = AA9FD8D71E8BE269009695B1 /* LaunchScreen.storyboard */; };
		AA9FD8E41E8BE26A009695B1 /* Test_ciTests.swift in Sources */ = {isa = PBXBuildFile; fileRef = AA9FD8E31E8BE26A009695B1 /* Test_ciTests.swift */; };
		AA9FD8EF1E8BE26A009695B1 /* Test_ciUITests.swift in Sources */ = {isa = PBXBuildFile; fileRef = AA9FD8EE1E8BE26A009695B1 /* Test_ciUITests.swift */; };
/* End PBXBuildFile section */

/* Begin PBXContainerItemProxy section */
		AA9FD8E01E8BE26A009695B1 /* PBXContainerItemProxy */ = {
			isa = PBXContainerItemProxy;
			containerPortal = AA9FD8C31E8BE269009695B1 /* Project object */;
			proxyType = 1;
			remoteGlobalIDString = AA9FD8CA1E8BE269009695B1;
			remoteInfo = Test_ci;
		};
		AA9FD8EB1E8BE26A009695B1 /* PBXContainerItemProxy */ = {
			isa = PBXContainerItemProxy;
			containerPortal = AA9FD8C31E8BE269009695B1 /* Project object */;
			proxyType = 1;
			remoteGlobalIDString = AA9FD8CA1E8BE269009695B1;
			remoteInfo = Test_ci;
		};
/* End PBXContainerItemProxy section */

/* Begin PBXFileReference section */
		AA9FD8CB1E8BE269009695B1 /* Test_ci.app */ = {isa = PBXFileReference; explicitFileType = wrapper.application; includeInIndex = 0; path = Test_ci.app; sourceTree = BUILT_PRODUCTS_DIR; };
		AA9FD8CE1E8BE269009695B1 /* AppDelegate.swift */ = {isa = PBXFileReference; lastKnownFileType = sourcecode.swift; path = AppDelegate.swift; sourceTree = "<group>"; };
		AA9FD8D01E8BE269009695B1 /* ViewController.swift */ = {isa = PBXFileReference; lastKnownFileType = sourcecode.swift; path = ViewController.swift; sourceTree = "<group>"; };
		AA9FD8D31E8BE269009695B1 /* Base */ = {isa = PBXFileReference; lastKnownFileType = file.storyboard; name = Base; path = Base.lproj/Main.storyboard; sourceTree = "<group>"; };
		AA9FD8D51E8BE269009695B1 /* Assets.xcassets */ = {isa = PBXFileReference; lastKnownFileType = folder.assetcatalog; path = Assets.xcassets; sourceTree = "<group>"; };
		AA9FD8D81E8BE269009695B1 /* Base */ = {isa = PBXFileReference; lastKnownFileType = file.storyboard; name = Base; path = Base.lproj/LaunchScreen.storyboard; sourceTree = "<group>"; };
		AA9FD8DA1E8BE26A009695B1 /* Info.plist */ = {isa = PBXFileReference; lastKnownFileType = text.plist.xml; path = Info.plist; sourceTree = "<group>"; };
		AA9FD8DF1E8BE26A009695B1 /* Test_ciTests.xctest */ = {isa = PBXFileReference; explicitFileType = wrapper.cfbundle; includeInIndex = 0; path = Test_ciTests.xctest; sourceTree = BUILT_PRODUCTS_DIR; };
		AA9FD8E31E8BE26A009695B1 /* Test_ciTests.swift */ = {isa = PBXFileReference; lastKnownFileType = sourcecode.swift; path = Test_ciTests.swift; sourceTree = "<group>"; };
		AA9FD8E51E8BE26A009695B1 /* Info.plist */ = {isa = PBXFileReference; lastKnownFileType = text.plist.xml; path = Info.plist; sourceTree = "<group>"; };
		AA9FD8EA1E8BE26A009695B1 /* Test_ciUITests.xctest */ = {isa = PBXFileReference; explicitFileType = wrapper.cfbundle; includeInIndex = 0; path = Test_ciUITests.xctest; sourceTree = BUILT_PRODUCTS_DIR; };
		AA9FD8EE1E8BE26A009695B1 /* Test_ciUITests.swift */ = {isa = PBXFileReference; lastKnownFileType = sourcecode.swift; path = Test_ciUITests.swift; sourceTree = "<group>"; };
		AA9FD8F01E8BE26A009695B1 /* Info.plist */ = {isa = PBXFileReference; lastKnownFileType = text.plist.xml; path = Info.plist; sourceTree = "<group>"; };
/* End PBXFileReference section */

/* Begin PBXFrameworksBuildPhase section */
		AA9FD8C81E8BE269009695B1 /* Frameworks */ = {
			isa = PBXFrameworksBuildPhase;
			buildActionMask = 2147483647;
			files = (
			);
			runOnlyForDeploymentPostprocessing = 0;
		};
		AA9FD8DC1E8BE26A009695B1 /* Frameworks */ = {
			isa = PBXFrameworksBuildPhase;
			buildActionMask = 2147483647;
			files = (
			);
			runOnlyForDeploymentPostprocessing = 0;
		};
		AA9FD8E71E8BE26A009695B1 /* Frameworks */ = {
			isa = PBXFrameworksBuildPhase;
			buildActionMask = 2147483647;
			files = (
			);
			runOnlyForDeploymentPostprocessing = 0;
		};
/* End PBXFrameworksBuildPhase section */

/* Begin PBXGroup section */
		AA9FD8C21E8BE269009695B1 = {
			isa = PBXGroup;
			children = (
				AA9FD8CD1E8BE269009695B1 /* Test_ci */,
				AA9FD8E21E8BE26A009695B1 /* Test_ciTests */,
				AA9FD8ED1E8BE26A009695B1 /* Test_ciUITests */,
				AA9FD8CC1E8BE269009695B1 /* Products */,
			);
			sourceTree = "<group>";
		};
		AA9FD8CC1E8BE269009695B1 /* Products */ = {
			isa = PBXGroup;
			children = (
				AA9FD8CB1E8BE269009695B1 /* Test_ci.app */,
				AA9FD8DF1E8BE26A009695B1 /* Test_ciTests.xctest */,
				AA9FD8EA1E8BE26A009695B1 /* Test_ciUITests.xctest */,
			);
			name = Products;
			sourceTree = "<group>";
		};
		AA9FD8CD1E8BE269009695B1 /* Test_ci */ = {
			isa = PBXGroup;
			children = (
				AA9FD8CE1E8BE269009695B1 /* AppDelegate.swift */,
				AA9FD8D01E8BE269009695B1 /* ViewController.swift */,
				AA9FD8D21E8BE269009695B1 /* Main.storyboard */,
				AA9FD8D51E8BE269009695B1 /* Assets.xcassets */,
				AA9FD8D71E8BE269009695B1 /* LaunchScreen.storyboard */,
				AA9FD8DA1E8BE26A009695B1 /* Info.plist */,
			);
			path = Test_ci;
			sourceTree = "<group>";
		};
		AA9FD8E21E8BE26A009695B1 /* Test_ciTests */ = {
			isa = PBXGroup;
			children = (
				AA9FD8E31E8BE26A009695B1 /* Test_ciTests.swift */,
				AA9FD8E51E8BE26A009695B1 /* Info.plist */,
			);
			path = Test_ciTests;
			sourceTree = "<group>";
		};
		AA9FD8ED1E8BE26A009695B1 /* Test_ciUITests */ = {
			isa = PBXGroup;
			children = (
				AA9FD8EE1E8BE26A009695B1 /* Test_ciUITests.swift */,
				AA9FD8F01E8BE26A009695B1 /* Info.plist */,
			);
			path = Test_ciUITests;
			sourceTree = "<group>";
		};
/* End PBXGroup section */

/* Begin PBXNativeTarget section */
		AA9FD8CA1E8BE269009695B1 /* Test_ci */ = {
			isa = PBXNativeTarget;
			buildConfigurationList = AA9FD8F31E8BE26A009695B1 /* Build configuration list for PBXNativeTarget "Test_ci" */;
			buildPhases = (
				AA9FD8C71E8BE269009695B1 /* Sources */,
				AA9FD8C81E8BE269009695B1 /* Frameworks */,
				AA9FD8C91E8BE269009695B1 /* Resources */,
			);
			buildRules = (
			);
			dependencies = (
			);
			name = Test_ci;
			productName = Test_ci;
			productReference = AA9FD8CB1E8BE269009695B1 /* Test_ci.app */;
			productType = "com.apple.product-type.application";
		};
		AA9FD8DE1E8BE26A009695B1 /* Test_ciTests */ = {
			isa = PBXNativeTarget;
			buildConfigurationList = AA9FD8F61E8BE26A009695B1 /* Build configuration list for PBXNativeTarget "Test_ciTests" */;
			buildPhases = (
				AA9FD8DB1E8BE26A009695B1 /* Sources */,
				AA9FD8DC1E8BE26A009695B1 /* Frameworks */,
				AA9FD8DD1E8BE26A009695B1 /* Resources */,
			);
			buildRules = (
			);
			dependencies = (
				AA9FD8E11E8BE26A009695B1 /* PBXTargetDependency */,
			);
			name = Test_ciTests;
			productName = Test_ciTests;
			productReference = AA9FD8DF1E8BE26A009695B1 /* Test_ciTests.xctest */;
			productType = "com.apple.product-type.bundle.unit-test";
		};
		AA9FD8E91E8BE26A009695B1 /* Test_ciUITests */ = {
			isa = PBXNativeTarget;
			buildConfigurationList = AA9FD8F91E8BE26A009695B1 /* Build configuration list for PBXNativeTarget "Test_ciUITests" */;
			buildPhases = (
				AA9FD8E61E8BE26A009695B1 /* Sources */,
				AA9FD8E71E8BE26A009695B1 /* Frameworks */,
				AA9FD8E81E8BE26A009695B1 /* Resources */,
			);
			buildRules = (
			);
			dependencies = (
				AA9FD8EC1E8BE26A009695B1 /* PBXTargetDependency */,
			);
			name = Test_ciUITests;
			productName = Test_ciUITests;
			productReference = AA9FD8EA1E8BE26A009695B1 /* Test_ciUITests.xctest */;
			productType = "com.apple.product-type.bundle.ui-testing";
		};
/* End PBXNativeTarget section */

/* Begin PBXProject section */
		AA9FD8C31E8BE269009695B1 /* Project object */ = {
			isa = PBXProject;
			attributes = {
				LastSwiftUpdateCheck = 0830;
				LastUpgradeCheck = 0830;
				ORGANIZATIONNAME = None;
				TargetAttributes = {
					AA9FD8CA1E8BE269009695B1 = {
						CreatedOnToolsVersion = 8.3;
						DevelopmentTeam = 6P44KKY5UX;
						ProvisioningStyle = Automatic;
					};
					AA9FD8DE1E8BE26A009695B1 = {
						CreatedOnToolsVersion = 8.3;
						DevelopmentTeam = 6P44KKY5UX;
						ProvisioningStyle = Automatic;
						TestTargetID = AA9FD8CA1E8BE269009695B1;
					};
					AA9FD8E91E8BE26A009695B1 = {
						CreatedOnToolsVersion = 8.3;
						DevelopmentTeam = 6P44KKY5UX;
						ProvisioningStyle = Automatic;
						TestTargetID = AA9FD8CA1E8BE269009695B1;
					};
				};
			};
			buildConfigurationList = AA9FD8C61E8BE269009695B1 /* Build configuration list for PBXProject "Test_ci" */;
			compatibilityVersion = "Xcode 3.2";
			developmentRegion = English;
			hasScannedForEncodings = 0;
			knownRegions = (
				en,
				Base,
			);
			mainGroup = AA9FD8C21E8BE269009695B1;
			productRefGroup = AA9FD8CC1E8BE269009695B1 /* Products */;
			projectDirPath = "";
			projectRoot = "";
			targets = (
				AA9FD8CA1E8BE269009695B1 /* Test_ci */,
				AA9FD8DE1E8BE26A009695B1 /* Test_ciTests */,
				AA9FD8E91E8BE26A009695B1 /* Test_ciUITests */,
			);
		};
/* End PBXProject section */

/* Begin PBXResourcesBuildPhase section */
		AA9FD8C91E8BE269009695B1 /* Resources */ = {
			isa = PBXResourcesBuildPhase;
			buildActionMask = 2147483647;
			files = (
				AA9FD8D91E8BE26A009695B1 /* LaunchScreen.storyboard in Resources */,
				AA9FD8D61E8BE269009695B1 /* Assets.xcassets in Resources */,
				AA9FD8D41E8BE269009695B1 /* Main.storyboard in Resources */,
			);
			runOnlyForDeploymentPostprocessing = 0;
		};
		AA9FD8DD1E8BE26A009695B1 /* Resources */ = {
			isa = PBXResourcesBuildPhase;
			buildActionMask = 2147483647;
			files = (
			);
			runOnlyForDeploymentPostprocessing = 0;
		};
		AA9FD8E81E8BE26A009695B1 /* Resources */ = {
			isa = PBXResourcesBuildPhase;
			buildActionMask = 2147483647;
			files = (
			);
			runOnlyForDeploymentPostprocessing = 0;
		};
/* End PBXResourcesBuildPhase section */

/* Begin PBXSourcesBuildPhase section */
		AA9FD8C71E8BE269009695B1 /* Sources */ = {
			isa = PBXSourcesBuildPhase;
			buildActionMask = 2147483647;
			files = (
				AA9FD8D11E8BE269009695B1 /* ViewController.swift in Sources */,
				AA9FD8CF1E8BE269009695B1 /* AppDelegate.swift in Sources */,
			);
			runOnlyForDeploymentPostprocessing = 0;
		};
		AA9FD8DB1E8BE26A009695B1 /* Sources */ = {
			isa = PBXSourcesBuildPhase;
			buildActionMask = 2147483647;
			files = (
				AA9FD8E41E8BE26A009695B1 /* Test_ciTests.swift in Sources */,
			);
			runOnlyForDeploymentPostprocessing = 0;
		};
		AA9FD8E61E8BE26A009695B1 /* Sources */ = {
			isa = PBXSourcesBuildPhase;
			buildActionMask = 2147483647;
			files = (
				AA9FD8EF1E8BE26A009695B1 /* Test_ciUITests.swift in Sources */,
			);
			runOnlyForDeploymentPostprocessing = 0;
		};
/* End PBXSourcesBuildPhase section */

/* Begin PBXTargetDependency section */
		AA9FD8E11E8BE26A009695B1 /* PBXTargetDependency */ = {
			isa = PBXTargetDependency;
			target = AA9FD8CA1E8BE269009695B1 /* Test_ci */;
			targetProxy = AA9FD8E01E8BE26A009695B1 /* PBXContainerItemProxy */;
		};
		AA9FD8EC1E8BE26A009695B1 /* PBXTargetDependency */ = {
			isa = PBXTargetDependency;
			target = AA9FD8CA1E8BE269009695B1 /* Test_ci */;
			targetProxy = AA9FD8EB1E8BE26A009695B1 /* PBXContainerItemProxy */;
		};
/* End PBXTargetDependency section */

/* Begin PBXVariantGroup section */
		AA9FD8D21E8BE269009695B1 /* Main.storyboard */ = {
			isa = PBXVariantGroup;
			children = (
				AA9FD8D31E8BE269009695B1 /* Base */,
			);
			name = Main.storyboard;
			sourceTree = "<group>";
		};
		AA9FD8D71E8BE269009695B1 /* LaunchScreen.storyboard */ = {
			isa = PBXVariantGroup;
			children = (
				AA9FD8D81E8BE269009695B1 /* Base */,
			);
			name = LaunchScreen.storyboard;
			sourceTree = "<group>";
		};
/* End PBXVariantGroup section */

/* Begin XCBuildConfiguration section */
		AA9FD8F11E8BE26A009695B1 /* Debug */ = {
			isa = XCBuildConfiguration;
			buildSettings = {
				ALWAYS_SEARCH_USER_PATHS = NO;
				CLANG_ANALYZER_NONNULL = YES;
				CLANG_ANALYZER_NUMBER_OBJECT_CONVERSION = YES_AGGRESSIVE;
				CLANG_CXX_LANGUAGE_STANDARD = "gnu++0x";
				CLANG_CXX_LIBRARY = "libc++";
				CLANG_ENABLE_MODULES = YES;
				CLANG_ENABLE_OBJC_ARC = YES;
				CLANG_WARN_BOOL_CONVERSION = YES;
				CLANG_WARN_CONSTANT_CONVERSION = YES;
				CLANG_WARN_DIRECT_OBJC_ISA_USAGE = YES_ERROR;
				CLANG_WARN_DOCUMENTATION_COMMENTS = YES;
				CLANG_WARN_EMPTY_BODY = YES;
				CLANG_WARN_ENUM_CONVERSION = YES;
				CLANG_WARN_INFINITE_RECURSION = YES;
				CLANG_WARN_INT_CONVERSION = YES;
				CLANG_WARN_OBJC_ROOT_CLASS = YES_ERROR;
				CLANG_WARN_SUSPICIOUS_MOVE = YES;
				CLANG_WARN_UNREACHABLE_CODE = YES;
				CLANG_WARN__DUPLICATE_METHOD_MATCH = YES;
				"CODE_SIGN_IDENTITY[sdk=iphoneos*]" = "iPhone Developer";
				COPY_PHASE_STRIP = NO;
				DEBUG_INFORMATION_FORMAT = dwarf;
				ENABLE_STRICT_OBJC_MSGSEND = YES;
				ENABLE_TESTABILITY = YES;
				GCC_C_LANGUAGE_STANDARD = gnu99;
				GCC_DYNAMIC_NO_PIC = NO;
				GCC_NO_COMMON_BLOCKS = YES;
				GCC_OPTIMIZATION_LEVEL = 0;
				GCC_PREPROCESSOR_DEFINITIONS = (
					"DEBUG=1",
					"$(inherited)",
				);
				GCC_WARN_64_TO_32_BIT_CONVERSION = YES;
				GCC_WARN_ABOUT_RETURN_TYPE = YES_ERROR;
				GCC_WARN_UNDECLARED_SELECTOR = YES;
				GCC_WARN_UNINITIALIZED_AUTOS = YES_AGGRESSIVE;
				GCC_WARN_UNUSED_FUNCTION = YES;
				GCC_WARN_UNUSED_VARIABLE = YES;
				IPHONEOS_DEPLOYMENT_TARGET = 10.3;
				MTL_ENABLE_DEBUG_INFO = YES;
				ONLY_ACTIVE_ARCH = YES;
				SDKROOT = iphoneos;
				SWIFT_ACTIVE_COMPILATION_CONDITIONS = DEBUG;
				SWIFT_OPTIMIZATION_LEVEL = "-Onone";
				TARGETED_DEVICE_FAMILY = "1,2";
			};
			name = Debug;
		};
		AA9FD8F21E8BE26A009695B1 /* Release */ = {
			isa = XCBuildConfiguration;
			buildSettings = {
				ALWAYS_SEARCH_USER_PATHS = NO;
				CLANG_ANALYZER_NONNULL = YES;
				CLANG_ANALYZER_NUMBER_OBJECT_CONVERSION = YES_AGGRESSIVE;
				CLANG_CXX_LANGUAGE_STANDARD = "gnu++0x";
				CLANG_CXX_LIBRARY = "libc++";
				CLANG_ENABLE_MODULES = YES;
				CLANG_ENABLE_OBJC_ARC = YES;
				CLANG_WARN_BOOL_CONVERSION = YES;
				CLANG_WARN_CONSTANT_CONVERSION = YES;
				CLANG_WARN_DIRECT_OBJC_ISA_USAGE = YES_ERROR;
				CLANG_WARN_DOCUMENTATION_COMMENTS = YES;
				CLANG_WARN_EMPTY_BODY = YES;
				CLANG_WARN_ENUM_CONVERSION = YES;
				CLANG_WARN_INFINITE_RECURSION = YES;
				CLANG_WARN_INT_CONVERSION = YES;
				CLANG_WARN_OBJC_ROOT_CLASS = YES_ERROR;
				CLANG_WARN_SUSPICIOUS_MOVE = YES;
				CLANG_WARN_UNREACHABLE_CODE = YES;
				CLANG_WARN__DUPLICATE_METHOD_MATCH = YES;
				"CODE_SIGN_IDENTITY[sdk=iphoneos*]" = "iPhone Developer";
				COPY_PHASE_STRIP = NO;
				DEBUG_INFORMATION_FORMAT = "dwarf-with-dsym";
				ENABLE_NS_ASSERTIONS = NO;
				ENABLE_STRICT_OBJC_MSGSEND = YES;
				GCC_C_LANGUAGE_STANDARD = gnu99;
				GCC_NO_COMMON_BLOCKS = YES;
				GCC_WARN_64_TO_32_BIT_CONVERSION = YES;
				GCC_WARN_ABOUT_RETURN_TYPE = YES_ERROR;
				GCC_WARN_UNDECLARED_SELECTOR = YES;
				GCC_WARN_UNINITIALIZED_AUTOS = YES_AGGRESSIVE;
				GCC_WARN_UNUSED_FUNCTION = YES;
				GCC_WARN_UNUSED_VARIABLE = YES;
				IPHONEOS_DEPLOYMENT_TARGET = 10.3;
				MTL_ENABLE_DEBUG_INFO = NO;
				SDKROOT = iphoneos;
				SWIFT_OPTIMIZATION_LEVEL = "-Owholemodule";
				TARGETED_DEVICE_FAMILY = "1,2";
				VALIDATE_PRODUCT = YES;
			};
			name = Release;
		};
		AA9FD8F41E8BE26A009695B1 /* Debug */ = {
			isa = XCBuildConfiguration;
			buildSettings = {
				ASSETCATALOG_COMPILER_APPICON_NAME = AppIcon;
				DEVELOPMENT_TEAM = 6P44KKY5UX;
				INFOPLIST_FILE = Test_ci/Info.plist;
				LD_RUNPATH_SEARCH_PATHS = "$(inherited) @executable_path/Frameworks";
				PRODUCT_BUNDLE_IDENTIFIER = "ch.nicoud.Test-ci";
				PRODUCT_NAME = "$(TARGET_NAME)";
				SWIFT_VERSION = 3.0;
			};
			name = Debug;
		};
		AA9FD8F51E8BE26A009695B1 /* Release */ = {
			isa = XCBuildConfiguration;
			buildSettings = {
				ASSETCATALOG_COMPILER_APPICON_NAME = AppIcon;
				DEVELOPMENT_TEAM = 6P44KKY5UX;
				INFOPLIST_FILE = Test_ci/Info.plist;
				LD_RUNPATH_SEARCH_PATHS = "$(inherited) @executable_path/Frameworks";
				PRODUCT_BUNDLE_IDENTIFIER = "ch.nicoud.Test-ci";
				PRODUCT_NAME = "$(TARGET_NAME)";
				SWIFT_VERSION = 3.0;
			};
			name = Release;
		};
		AA9FD8F71E8BE26A009695B1 /* Debug */ = {
			isa = XCBuildConfiguration;
			buildSettings = {
				ALWAYS_EMBED_SWIFT_STANDARD_LIBRARIES = YES;
				BUNDLE_LOADER = "$(TEST_HOST)";
				DEVELOPMENT_TEAM = 6P44KKY5UX;
				INFOPLIST_FILE = Test_ciTests/Info.plist;
				LD_RUNPATH_SEARCH_PATHS = "$(inherited) @executable_path/Frameworks @loader_path/Frameworks";
				PRODUCT_BUNDLE_IDENTIFIER = "ch.nicoud.Test-ciTests";
				PRODUCT_NAME = "$(TARGET_NAME)";
				SWIFT_VERSION = 3.0;
				TEST_HOST = "$(BUILT_PRODUCTS_DIR)/Test_ci.app/Test_ci";
			};
			name = Debug;
		};
		AA9FD8F81E8BE26A009695B1 /* Release */ = {
			isa = XCBuildConfiguration;
			buildSettings = {
				ALWAYS_EMBED_SWIFT_STANDARD_LIBRARIES = YES;
				BUNDLE_LOADER = "$(TEST_HOST)";
				DEVELOPMENT_TEAM = 6P44KKY5UX;
				INFOPLIST_FILE = Test_ciTests/Info.plist;
				LD_RUNPATH_SEARCH_PATHS = "$(inherited) @executable_path/Frameworks @loader_path/Frameworks";
				PRODUCT_BUNDLE_IDENTIFIER = "ch.nicoud.Test-ciTests";
				PRODUCT_NAME = "$(TARGET_NAME)";
				SWIFT_VERSION = 3.0;
				TEST_HOST = "$(BUILT_PRODUCTS_DIR)/Test_ci.app/Test_ci";
			};
			name = Release;
		};
		AA9FD8FA1E8BE26A009695B1 /* Debug */ = {
			isa = XCBuildConfiguration;
			buildSettings = {
				ALWAYS_EMBED_SWIFT_STANDARD_LIBRARIES = YES;
				DEVELOPMENT_TEAM = 6P44KKY5UX;
				INFOPLIST_FILE = Test_ciUITests/Info.plist;
				LD_RUNPATH_SEARCH_PATHS = "$(inherited) @executable_path/Frameworks @loader_path/Frameworks";
				PRODUCT_BUNDLE_IDENTIFIER = "ch.nicoud.Test-ciUITests";
				PRODUCT_NAME = "$(TARGET_NAME)";
				SWIFT_VERSION = 3.0;
				TEST_TARGET_NAME = Test_ci;
			};
			name = Debug;
		};
		AA9FD8FB1E8BE26A009695B1 /* Release */ = {
			isa = XCBuildConfiguration;
			buildSettings = {
				ALWAYS_EMBED_SWIFT_STANDARD_LIBRARIES = YES;
				DEVELOPMENT_TEAM = 6P44KKY5UX;
				INFOPLIST_FILE = Test_ciUITests/Info.plist;
				LD_RUNPATH_SEARCH_PATHS = "$(inherited) @executable_path/Frameworks @loader_path/Frameworks";
				PRODUCT_BUNDLE_IDENTIFIER = "ch.nicoud.Test-ciUITests";
				PRODUCT_NAME = "$(TARGET_NAME)";
				SWIFT_VERSION = 3.0;
				TEST_TARGET_NAME = Test_ci;
			};
			name = Release;
		};
/* End XCBuildConfiguration section */

/* Begin XCConfigurationList section */
		AA9FD8C61E8BE269009695B1 /* Build configuration list for PBXProject "Test_ci" */ = {
			isa = XCConfigurationList;
			buildConfigurations = (
				AA9FD8F11E8BE26A009695B1 /* Debug */,
				AA9FD8F21E8BE26A009695B1 /* Release */,
			);
			defaultConfigurationIsVisible = 0;
			defaultConfigurationName = Release;
		};
		AA9FD8F31E8BE26A009695B1 /* Build configuration list for PBXNativeTarget "Test_ci" */ = {
			isa = XCConfigurationList;
			buildConfigurations = (
				AA9FD8F41E8BE26A009695B1 /* Debug */,
				AA9FD8F51E8BE26A009695B1 /* Release */,
			);
			defaultConfigurationIsVisible = 0;
		};
		AA9FD8F61E8BE26A009695B1 /* Build configuration list for PBXNativeTarget "Test_ciTests" */ = {
			isa = XCConfigurationList;
			buildConfigurations = (
				AA9FD8F71E8BE26A009695B1 /* Debug */,
				AA9FD8F81E8BE26A009695B1 /* Release */,
			);
			defaultConfigurationIsVisible = 0;
		};
		AA9FD8F91E8BE26A009695B1 /* Build configuration list for PBXNativeTarget "Test_ciUITests" */ = {
			isa = XCConfigurationList;
			buildConfigurations = (
				AA9FD8FA1E8BE26A009695B1 /* Debug */,
				AA9FD8FB1E8BE26A009695B1 /* Release */,
			);
			defaultConfigurationIsVisible = 0;
		};
/* End XCConfigurationList section */
	};
	rootObject = AA9FD8C31E8BE269009695B1 /* Project object */;
}
